
Microsoft Visual Studio Solution File, Format Version 12.00
# Visual Studio 15
VisualStudioVersion = 15.0.27428.2037
MinimumVisualStudioVersion = 10.0.40219.1
Project("{FAE04EC0-301F-11D3-BF4B-00C04F79EFBC}") = "Intranet", "Intranet\Intranet.csproj", "{BA334961-0E3A-4856-A6C7-6099E5D9B794}"
EndProject
Project("{FAE04EC0-301F-11D3-BF4B-00C04F79EFBC}") = "Intranet.Tests", "Intranet.Tests\Intranet.Tests.csproj", "{A25901F4-6E1D-4743-87C2-CDBB03F2A161}"
EndProject
Global
	GlobalSection(SolutionConfigurationPlatforms) = preSolution
		Debug|Any CPU = Debug|Any CPU
		Release|Any CPU = Release|Any CPU
	EndGlobalSection
	GlobalSection(ProjectConfigurationPlatforms) = postSolution
		{BA334961-0E3A-4856-A6C7-6099E5D9B794}.Debug|Any CPU.ActiveCfg = Debug|Any CPU
		{BA334961-0E3A-4856-A6C7-6099E5D9B794}.Debug|Any CPU.Build.0 = Debug|Any CPU
		{BA334961-0E3A-4856-A6C7-6099E5D9B794}.Release|Any CPU.ActiveCfg = Release|Any CPU
		{BA334961-0E3A-4856-A6C7-6099E5D9B794}.Release|Any CPU.Build.0 = Release|Any CPU
		{A25901F4-6E1D-4743-87C2-CDBB03F2A161}.Debug|Any CPU.ActiveCfg = Debug|Any CPU
		{A25901F4-6E1D-4743-87C2-CDBB03F2A161}.Debug|Any CPU.Build.0 = Debug|Any CPU
		{A25901F4-6E1D-4743-87C2-CDBB03F2A161}.Release|Any CPU.ActiveCfg = Release|Any CPU
		{A25901F4-6E1D-4743-87C2-CDBB03F2A161}.Release|Any CPU.Build.0 = Release|Any CPU
	EndGlobalSection
	GlobalSection(SolutionProperties) = preSolution
		HideSolutionNode = FALSE
	EndGlobalSection
	GlobalSection(ExtensibilityGlobals) = postSolution
		SolutionGuid = {1F6DA995-111A-4DCC-9F7C-3C23B172A25C}
	EndGlobalSection
EndGlobal
